
Microsoft Visual Studio Solution File, Format Version 12.00
# Visual Studio Version 16
VisualStudioVersion = 16.0.30002.166
MinimumVisualStudioVersion = 10.0.40219.1
Project("{FAE04EC0-301F-11D3-BF4B-00C04F79EFBC}") = "lab5-bibloteka", "lab5-bibloteka\lab5-bibloteka.csproj", "{A4B7B4C5-FDE5-4090-B0F0-30DE4F397D69}"
EndProject
Global
	GlobalSection(SolutionConfigurationPlatforms) = preSolution
		Debug|Any CPU = Debug|Any CPU
		Release|Any CPU = Release|Any CPU
	EndGlobalSection
	GlobalSection(ProjectConfigurationPlatforms) = postSolution
		{A4B7B4C5-FDE5-4090-B0F0-30DE4F397D69}.Debug|Any CPU.ActiveCfg = Debug|Any CPU
		{A4B7B4C5-FDE5-4090-B0F0-30DE4F397D69}.Debug|Any CPU.Build.0 = Debug|Any CPU
		{A4B7B4C5-FDE5-4090-B0F0-30DE4F397D69}.Release|Any CPU.ActiveCfg = Release|Any CPU
		{A4B7B4C5-FDE5-4090-B0F0-30DE4F397D69}.Release|Any CPU.Build.0 = Release|Any CPU
	EndGlobalSection
	GlobalSection(SolutionProperties) = preSolution
		HideSolutionNode = FALSE
	EndGlobalSection
	GlobalSection(ExtensibilityGlobals) = postSolution
		SolutionGuid = {EB2AC516-BE90-4B76-B283-8D55236EAAE3}
	EndGlobalSection
EndGlobal
